
Microsoft Visual Studio Solution File, Format Version 12.00
# Visual Studio 15
VisualStudioVersion = 15.0.27130.2010
MinimumVisualStudioVersion = 10.0.40219.1
Project("{FAE04EC0-301F-11D3-BF4B-00C04F79EFBC}") = "AzurePushNotificationSample.Android", "AzurePushNotificationSample.Android\AzurePushNotificationSample.Android.csproj", "{81FBC96F-CA10-4D03-B76A-C94E7A87F844}"
EndProject
Project("{FAE04EC0-301F-11D3-BF4B-00C04F79EFBC}") = "AzurePushNotificationSample.iOS", "AzurePushNotificationSample.iOS\AzurePushNotificationSample.iOS.csproj", "{3834014E-65E6-4B5A-9792-4718E3E7DFD1}"
EndProject
Project("{9A19103F-16F7-4668-BE54-9A1E7A4F7556}") = "AzurePushNotificationSample", "AzurePushNotificationSample\AzurePushNotificationSample.csproj", "{D752C30D-5472-46DE-8256-E959BFF373FD}"
EndProject
Global
	GlobalSection(SolutionConfigurationPlatforms) = preSolution
		Ad-Hoc|Any CPU = Ad-Hoc|Any CPU
		Ad-Hoc|ARM = Ad-Hoc|ARM
		Ad-Hoc|iPhone = Ad-Hoc|iPhone
		Ad-Hoc|iPhoneSimulator = Ad-Hoc|iPhoneSimulator
		Ad-Hoc|x64 = Ad-Hoc|x64
		Ad-Hoc|x86 = Ad-Hoc|x86
		AppStore|Any CPU = AppStore|Any CPU
		AppStore|ARM = AppStore|ARM
		AppStore|iPhone = AppStore|iPhone
		AppStore|iPhoneSimulator = AppStore|iPhoneSimulator
		AppStore|x64 = AppStore|x64
		AppStore|x86 = AppStore|x86
		Debug|Any CPU = Debug|Any CPU
		Debug|ARM = Debug|ARM
		Debug|iPhone = Debug|iPhone
		Debug|iPhoneSimulator = Debug|iPhoneSimulator
		Debug|x64 = Debug|x64
		Debug|x86 = Debug|x86
		Release|Any CPU = Release|Any CPU
		Release|ARM = Release|ARM
		Release|iPhone = Release|iPhone
		Release|iPhoneSimulator = Release|iPhoneSimulator
		Release|x64 = Release|x64
		Release|x86 = Release|x86
	EndGlobalSection
	GlobalSection(ProjectConfigurationPlatforms) = postSolution
		{81FBC96F-CA10-4D03-B76A-C94E7A87F844}.Ad-Hoc|Any CPU.ActiveCfg = Release|Any CPU
		{81FBC96F-CA10-4D03-B76A-C94E7A87F844}.Ad-Hoc|Any CPU.Build.0 = Release|Any CPU
		{81FBC96F-CA10-4D03-B76A-C94E7A87F844}.Ad-Hoc|Any CPU.Deploy.0 = Release|Any CPU
		{81FBC96F-CA10-4D03-B76A-C94E7A87F844}.Ad-Hoc|ARM.ActiveCfg = Release|Any CPU
		{81FBC96F-CA10-4D03-B76A-C94E7A87F844}.Ad-Hoc|ARM.Build.0 = Release|Any CPU
		{81FBC96F-CA10-4D03-B76A-C94E7A87F844}.Ad-Hoc|ARM.Deploy.0 = Release|Any CPU
		{81FBC96F-CA10-4D03-B76A-C94E7A87F844}.Ad-Hoc|iPhone.ActiveCfg = Release|Any CPU
		{81FBC96F-CA10-4D03-B76A-C94E7A87F844}.Ad-Hoc|iPhone.Build.0 = Release|Any CPU
		{81FBC96F-CA10-4D03-B76A-C94E7A87F844}.Ad-Hoc|iPhone.Deploy.0 = Release|Any CPU
		{81FBC96F-CA10-4D03-B76A-C94E7A87F844}.Ad-Hoc|iPhoneSimulator.ActiveCfg = Release|Any CPU
		{81FBC96F-CA10-4D03-B76A-C94E7A87F844}.Ad-Hoc|iPhoneSimulator.Build.0 = Release|Any CPU
		{81FBC96F-CA10-4D03-B76A-C94E7A87F844}.Ad-Hoc|iPhoneSimulator.Deploy.0 = Release|Any CPU
		{81FBC96F-CA10-4D03-B76A-C94E7A87F844}.Ad-Hoc|x64.ActiveCfg = Release|Any CPU
		{81FBC96F-CA10-4D03-B76A-C94E7A87F844}.Ad-Hoc|x64.Build.0 = Release|Any CPU
		{81FBC96F-CA10-4D03-B76A-C94E7A87F844}.Ad-Hoc|x64.Deploy.0 = Release|Any CPU
		{81FBC96F-CA10-4D03-B76A-C94E7A87F844}.Ad-Hoc|x86.ActiveCfg = Release|Any CPU
		{81FBC96F-CA10-4D03-B76A-C94E7A87F844}.Ad-Hoc|x86.Build.0 = Release|Any CPU
		{81FBC96F-CA10-4D03-B76A-C94E7A87F844}.Ad-Hoc|x86.Deploy.0 = Release|Any CPU
		{81FBC96F-CA10-4D03-B76A-C94E7A87F844}.AppStore|Any CPU.ActiveCfg = Release|Any CPU
		{81FBC96F-CA10-4D03-B76A-C94E7A87F844}.AppStore|Any CPU.Build.0 = Release|Any CPU
		{81FBC96F-CA10-4D03-B76A-C94E7A87F844}.AppStore|Any CPU.Deploy.0 = Release|Any CPU
		{81FBC96F-CA10-4D03-B76A-C94E7A87F844}.AppStore|ARM.ActiveCfg = Release|Any CPU
		{81FBC96F-CA10-4D03-B76A-C94E7A87F844}.AppStore|ARM.Build.0 = Release|Any CPU
		{81FBC96F-CA10-4D03-B76A-C94E7A87F844}.AppStore|ARM.Deploy.0 = Release|Any CPU
		{81FBC96F-CA10-4D03-B76A-C94E7A87F844}.AppStore|iPhone.ActiveCfg = Release|Any CPU
		{81FBC96F-CA10-4D03-B76A-C94E7A87F844}.AppStore|iPhone.Build.0 = Release|Any CPU
		{81FBC96F-CA10-4D03-B76A-C94E7A87F844}.AppStore|iPhone.Deploy.0 = Release|Any CPU
		{81FBC96F-CA10-4D03-B76A-C94E7A87F844}.AppStore|iPhoneSimulator.ActiveCfg = Release|Any CPU
		{81FBC96F-CA10-4D03-B76A-C94E7A87F844}.AppStore|iPhoneSimulator.Build.0 = Release|Any CPU
		{81FBC96F-CA10-4D03-B76A-C94E7A87F844}.AppStore|iPhoneSimulator.Deploy.0 = Release|Any CPU
		{81FBC96F-CA10-4D03-B76A-C94E7A87F844}.AppStore|x64.ActiveCfg = Release|Any CPU
		{81FBC96F-CA10-4D03-B76A-C94E7A87F844}.AppStore|x64.Build.0 = Release|Any CPU
		{81FBC96F-CA10-4D03-B76A-C94E7A87F844}.AppStore|x64.Deploy.0 = Release|Any CPU
		{81FBC96F-CA10-4D03-B76A-C94E7A87F844}.AppStore|x86.ActiveCfg = Release|Any CPU
		{81FBC96F-CA10-4D03-B76A-C94E7A87F844}.AppStore|x86.Build.0 = Release|Any CPU
		{81FBC96F-CA10-4D03-B76A-C94E7A87F844}.AppStore|x86.Deploy.0 = Release|Any CPU
		{81FBC96F-CA10-4D03-B76A-C94E7A87F844}.Debug|Any CPU.ActiveCfg = Debug|Any CPU
		{81FBC96F-CA10-4D03-B76A-C94E7A87F844}.Debug|Any CPU.Build.0 = Debug|Any CPU
		{81FBC96F-CA10-4D03-B76A-C94E7A87F844}.Debug|Any CPU.Deploy.0 = Debug|Any CPU
		{81FBC96F-CA10-4D03-B76A-C94E7A87F844}.Debug|ARM.ActiveCfg = Debug|Any CPU
		{81FBC96F-CA10-4D03-B76A-C94E7A87F844}.Debug|ARM.Build.0 = Debug|Any CPU
		{81FBC96F-CA10-4D03-B76A-C94E7A87F844}.Debug|ARM.Deploy.0 = Debug|Any CPU
		{81FBC96F-CA10-4D03-B76A-C94E7A87F844}.Debug|iPhone.ActiveCfg = Debug|Any CPU
		{81FBC96F-CA10-4D03-B76A-C94E7A87F844}.Debug|iPhone.Build.0 = Debug|Any CPU
		{81FBC96F-CA10-4D03-B76A-C94E7A87F844}.Debug|iPhone.Deploy.0 = Debug|Any CPU
		{81FBC96F-CA10-4D03-B76A-C94E7A87F844}.Debug|iPhoneSimulator.ActiveCfg = Debug|Any CPU
		{81FBC96F-CA10-4D03-B76A-C94E7A87F844}.Debug|iPhoneSimulator.Build.0 = Debug|Any CPU
		{81FBC96F-CA10-4D03-B76A-C94E7A87F844}.Debug|iPhoneSimulator.Deploy.0 = Debug|Any CPU
		{81FBC96F-CA10-4D03-B76A-C94E7A87F844}.Debug|x64.ActiveCfg = Debug|Any CPU
		{81FBC96F-CA10-4D03-B76A-C94E7A87F844}.Debug|x64.Build.0 = Debug|Any CPU
		{81FBC96F-CA10-4D03-B76A-C94E7A87F844}.Debug|x64.Deploy.0 = Debug|Any CPU
		{81FBC96F-CA10-4D03-B76A-C94E7A87F844}.Debug|x86.ActiveCfg = Debug|Any CPU
		{81FBC96F-CA10-4D03-B76A-C94E7A87F844}.Debug|x86.Build.0 = Debug|Any CPU
		{81FBC96F-CA10-4D03-B76A-C94E7A87F844}.Debug|x86.Deploy.0 = Debug|Any CPU
		{81FBC96F-CA10-4D03-B76A-C94E7A87F844}.Release|Any CPU.ActiveCfg = Release|Any CPU
		{81FBC96F-CA10-4D03-B76A-C94E7A87F844}.Release|Any CPU.Build.0 = Release|Any CPU
		{81FBC96F-CA10-4D03-B76A-C94E7A87F844}.Release|Any CPU.Deploy.0 = Release|Any CPU
		{81FBC96F-CA10-4D03-B76A-C94E7A87F844}.Release|ARM.ActiveCfg = Release|Any CPU
		{81FBC96F-CA10-4D03-B76A-C94E7A87F844}.Release|ARM.Build.0 = Release|Any CPU
		{81FBC96F-CA10-4D03-B76A-C94E7A87F844}.Release|ARM.Deploy.0 = Release|Any CPU
		{81FBC96F-CA10-4D03-B76A-C94E7A87F844}.Release|iPhone.ActiveCfg = Release|Any CPU
		{81FBC96F-CA10-4D03-B76A-C94E7A87F844}.Release|iPhone.Build.0 = Release|Any CPU
		{81FBC96F-CA10-4D03-B76A-C94E7A87F844}.Release|iPhone.Deploy.0 = Release|Any CPU
		{81FBC96F-CA10-4D03-B76A-C94E7A87F844}.Release|iPhoneSimulator.ActiveCfg = Release|Any CPU
		{81FBC96F-CA10-4D03-B76A-C94E7A87F844}.Release|iPhoneSimulator.Build.0 = Release|Any CPU
		{81FBC96F-CA10-4D03-B76A-C94E7A87F844}.Release|iPhoneSimulator.Deploy.0 = Release|Any CPU
		{81FBC96F-CA10-4D03-B76A-C94E7A87F844}.Release|x64.ActiveCfg = Release|Any CPU
		{81FBC96F-CA10-4D03-B76A-C94E7A87F844}.Release|x64.Build.0 = Release|Any CPU
		{81FBC96F-CA10-4D03-B76A-C94E7A87F844}.Release|x64.Deploy.0 = Release|Any CPU
		{81FBC96F-CA10-4D03-B76A-C94E7A87F844}.Release|x86.ActiveCfg = Release|Any CPU
		{81FBC96F-CA10-4D03-B76A-C94E7A87F844}.Release|x86.Build.0 = Release|Any CPU
		{81FBC96F-CA10-4D03-B76A-C94E7A87F844}.Release|x86.Deploy.0 = Release|Any CPU
		{3834014E-65E6-4B5A-9792-4718E3E7DFD1}.Ad-Hoc|Any CPU.ActiveCfg = Ad-Hoc|iPhone
		{3834014E-65E6-4B5A-9792-4718E3E7DFD1}.Ad-Hoc|ARM.ActiveCfg = Ad-Hoc|iPhone
		{3834014E-65E6-4B5A-9792-4718E3E7DFD1}.Ad-Hoc|iPhone.ActiveCfg = Ad-Hoc|iPhone
		{3834014E-65E6-4B5A-9792-4718E3E7DFD1}.Ad-Hoc|iPhone.Build.0 = Ad-Hoc|iPhone
		{3834014E-65E6-4B5A-9792-4718E3E7DFD1}.Ad-Hoc|iPhoneSimulator.ActiveCfg = Ad-Hoc|iPhoneSimulator
		{3834014E-65E6-4B5A-9792-4718E3E7DFD1}.Ad-Hoc|iPhoneSimulator.Build.0 = Ad-Hoc|iPhoneSimulator
		{3834014E-65E6-4B5A-9792-4718E3E7DFD1}.Ad-Hoc|x64.ActiveCfg = Ad-Hoc|iPhone
		{3834014E-65E6-4B5A-9792-4718E3E7DFD1}.Ad-Hoc|x86.ActiveCfg = Ad-Hoc|iPhone
		{3834014E-65E6-4B5A-9792-4718E3E7DFD1}.AppStore|Any CPU.ActiveCfg = AppStore|iPhone
		{3834014E-65E6-4B5A-9792-4718E3E7DFD1}.AppStore|ARM.ActiveCfg = AppStore|iPhone
		{3834014E-65E6-4B5A-9792-4718E3E7DFD1}.AppStore|iPhone.ActiveCfg = AppStore|iPhone
		{3834014E-65E6-4B5A-9792-4718E3E7DFD1}.AppStore|iPhone.Build.0 = AppStore|iPhone
		{3834014E-65E6-4B5A-9792-4718E3E7DFD1}.AppStore|iPhoneSimulator.ActiveCfg = AppStore|iPhoneSimulator
		{3834014E-65E6-4B5A-9792-4718E3E7DFD1}.AppStore|iPhoneSimulator.Build.0 = AppStore|iPhoneSimulator
		{3834014E-65E6-4B5A-9792-4718E3E7DFD1}.AppStore|x64.ActiveCfg = AppStore|iPhone
		{3834014E-65E6-4B5A-9792-4718E3E7DFD1}.AppStore|x86.ActiveCfg = AppStore|iPhone
		{3834014E-65E6-4B5A-9792-4718E3E7DFD1}.Debug|Any CPU.ActiveCfg = Debug|iPhone
		{3834014E-65E6-4B5A-9792-4718E3E7DFD1}.Debug|ARM.ActiveCfg = Debug|iPhone
		{3834014E-65E6-4B5A-9792-4718E3E7DFD1}.Debug|iPhone.ActiveCfg = Debug|iPhone
		{3834014E-65E6-4B5A-9792-4718E3E7DFD1}.Debug|iPhone.Build.0 = Debug|iPhone
		{3834014E-65E6-4B5A-9792-4718E3E7DFD1}.Debug|iPhoneSimulator.ActiveCfg = Debug|iPhoneSimulator
		{3834014E-65E6-4B5A-9792-4718E3E7DFD1}.Debug|iPhoneSimulator.Build.0 = Debug|iPhoneSimulator
		{3834014E-65E6-4B5A-9792-4718E3E7DFD1}.Debug|x64.ActiveCfg = Debug|iPhone
		{3834014E-65E6-4B5A-9792-4718E3E7DFD1}.Debug|x86.ActiveCfg = Debug|iPhone
		{3834014E-65E6-4B5A-9792-4718E3E7DFD1}.Release|Any CPU.ActiveCfg = Release|iPhone
		{3834014E-65E6-4B5A-9792-4718E3E7DFD1}.Release|ARM.ActiveCfg = Release|iPhone
		{3834014E-65E6-4B5A-9792-4718E3E7DFD1}.Release|iPhone.ActiveCfg = Release|iPhone
		{3834014E-65E6-4B5A-9792-4718E3E7DFD1}.Release|iPhone.Build.0 = Release|iPhone
		{3834014E-65E6-4B5A-9792-4718E3E7DFD1}.Release|iPhoneSimulator.ActiveCfg = Release|iPhoneSimulator
		{3834014E-65E6-4B5A-9792-4718E3E7DFD1}.Release|iPhoneSimulator.Build.0 = Release|iPhoneSimulator
		{3834014E-65E6-4B5A-9792-4718E3E7DFD1}.Release|x64.ActiveCfg = Release|iPhone
		{3834014E-65E6-4B5A-9792-4718E3E7DFD1}.Release|x86.ActiveCfg = Release|iPhone
		{D752C30D-5472-46DE-8256-E959BFF373FD}.Ad-Hoc|Any CPU.ActiveCfg = Debug|Any CPU
		{D752C30D-5472-46DE-8256-E959BFF373FD}.Ad-Hoc|Any CPU.Build.0 = Debug|Any CPU
		{D752C30D-5472-46DE-8256-E959BFF373FD}.Ad-Hoc|ARM.ActiveCfg = Debug|Any CPU
		{D752C30D-5472-46DE-8256-E959BFF373FD}.Ad-Hoc|ARM.Build.0 = Debug|Any CPU
		{D752C30D-5472-46DE-8256-E959BFF373FD}.Ad-Hoc|iPhone.ActiveCfg = Debug|Any CPU
		{D752C30D-5472-46DE-8256-E959BFF373FD}.Ad-Hoc|iPhone.Build.0 = Debug|Any CPU
		{D752C30D-5472-46DE-8256-E959BFF373FD}.Ad-Hoc|iPhoneSimulator.ActiveCfg = Debug|Any CPU
		{D752C30D-5472-46DE-8256-E959BFF373FD}.Ad-Hoc|iPhoneSimulator.Build.0 = Debug|Any CPU
		{D752C30D-5472-46DE-8256-E959BFF373FD}.Ad-Hoc|x64.ActiveCfg = Debug|Any CPU
		{D752C30D-5472-46DE-8256-E959BFF373FD}.Ad-Hoc|x64.Build.0 = Debug|Any CPU
		{D752C30D-5472-46DE-8256-E959BFF373FD}.Ad-Hoc|x86.ActiveCfg = Debug|Any CPU
		{D752C30D-5472-46DE-8256-E959BFF373FD}.Ad-Hoc|x86.Build.0 = Debug|Any CPU
		{D752C30D-5472-46DE-8256-E959BFF373FD}.AppStore|Any CPU.ActiveCfg = Debug|Any CPU
		{D752C30D-5472-46DE-8256-E959BFF373FD}.AppStore|Any CPU.Build.0 = Debug|Any CPU
		{D752C30D-5472-46DE-8256-E959BFF373FD}.AppStore|ARM.ActiveCfg = Debug|Any CPU
		{D752C30D-5472-46DE-8256-E959BFF373FD}.AppStore|ARM.Build.0 = Debug|Any CPU
		{D752C30D-5472-46DE-8256-E959BFF373FD}.AppStore|iPhone.ActiveCfg = Debug|Any CPU
		{D752C30D-5472-46DE-8256-E959BFF373FD}.AppStore|iPhone.Build.0 = Debug|Any CPU
		{D752C30D-5472-46DE-8256-E959BFF373FD}.AppStore|iPhoneSimulator.ActiveCfg = Debug|Any CPU
		{D752C30D-5472-46DE-8256-E959BFF373FD}.AppStore|iPhoneSimulator.Build.0 = Debug|Any CPU
		{D752C30D-5472-46DE-8256-E959BFF373FD}.AppStore|x64.ActiveCfg = Debug|Any CPU
		{D752C30D-5472-46DE-8256-E959BFF373FD}.AppStore|x64.Build.0 = Debug|Any CPU
		{D752C30D-5472-46DE-8256-E959BFF373FD}.AppStore|x86.ActiveCfg = Debug|Any CPU
		{D752C30D-5472-46DE-8256-E959BFF373FD}.AppStore|x86.Build.0 = Debug|Any CPU
		{D752C30D-5472-46DE-8256-E959BFF373FD}.Debug|Any CPU.ActiveCfg = Debug|Any CPU
		{D752C30D-5472-46DE-8256-E959BFF373FD}.Debug|Any CPU.Build.0 = Debug|Any CPU
		{D752C30D-5472-46DE-8256-E959BFF373FD}.Debug|ARM.ActiveCfg = Debug|Any CPU
		{D752C30D-5472-46DE-8256-E959BFF373FD}.Debug|ARM.Build.0 = Debug|Any CPU
		{D752C30D-5472-46DE-8256-E959BFF373FD}.Debug|iPhone.ActiveCfg = Debug|Any CPU
		{D752C30D-5472-46DE-8256-E959BFF373FD}.Debug|iPhone.Build.0 = Debug|Any CPU
		{D752C30D-5472-46DE-8256-E959BFF373FD}.Debug|iPhoneSimulator.ActiveCfg = Debug|Any CPU
		{D752C30D-5472-46DE-8256-E959BFF373FD}.Debug|iPhoneSimulator.Build.0 = Debug|Any CPU
		{D752C30D-5472-46DE-8256-E959BFF373FD}.Debug|x64.ActiveCfg = Debug|Any CPU
		{D752C30D-5472-46DE-8256-E959BFF373FD}.Debug|x64.Build.0 = Debug|Any CPU
		{D752C30D-5472-46DE-8256-E959BFF373FD}.Debug|x86.ActiveCfg = Debug|Any CPU
		{D752C30D-5472-46DE-8256-E959BFF373FD}.Debug|x86.Build.0 = Debug|Any CPU
		{D752C30D-5472-46DE-8256-E959BFF373FD}.Release|Any CPU.ActiveCfg = Release|Any CPU
		{D752C30D-5472-46DE-8256-E959BFF373FD}.Release|Any CPU.Build.0 = Release|Any CPU
		{D752C30D-5472-46DE-8256-E959BFF373FD}.Release|ARM.ActiveCfg = Release|Any CPU
		{D752C30D-5472-46DE-8256-E959BFF373FD}.Release|ARM.Build.0 = Release|Any CPU
		{D752C30D-5472-46DE-8256-E959BFF373FD}.Release|iPhone.ActiveCfg = Release|Any CPU
		{D752C30D-5472-46DE-8256-E959BFF373FD}.Release|iPhone.Build.0 = Release|Any CPU
		{D752C30D-5472-46DE-8256-E959BFF373FD}.Release|iPhoneSimulator.ActiveCfg = Release|Any CPU
		{D752C30D-5472-46DE-8256-E959BFF373FD}.Release|iPhoneSimulator.Build.0 = Release|Any CPU
		{D752C30D-5472-46DE-8256-E959BFF373FD}.Release|x64.ActiveCfg = Release|Any CPU
		{D752C30D-5472-46DE-8256-E959BFF373FD}.Release|x64.Build.0 = Release|Any CPU
		{D752C30D-5472-46DE-8256-E959BFF373FD}.Release|x86.ActiveCfg = Release|Any CPU
		{D752C30D-5472-46DE-8256-E959BFF373FD}.Release|x86.Build.0 = Release|Any CPU
	EndGlobalSection
	GlobalSection(SolutionProperties) = preSolution
		HideSolutionNode = FALSE
	EndGlobalSection
	GlobalSection(ExtensibilityGlobals) = postSolution
		SolutionGuid = {21D9A243-8674-4C13-BB6E-7B4FB45478BA}
	EndGlobalSection
EndGlobal
